// !$*UTF8*$!
{
	archiveVersion = 1;
	classes = {
	};
	objectVersion = 50;
	objects = {

/* Begin PBXBuildFile section */
		1FE835401EE5DC522CE4BE71 /* Pods_L2iosUITests.framework in Frameworks */ = {isa = PBXBuildFile; fileRef = F9F8F373D24043C79B8A4E34 /* Pods_L2iosUITests.framework */; };
		522422F221BD404400513868 /* L2iosTests.swift in Sources */ = {isa = PBXBuildFile; fileRef = 522422F121BD404400513868 /* L2iosTests.swift */; };
		522422FD21BD404400513868 /* L2iosUITests.swift in Sources */ = {isa = PBXBuildFile; fileRef = 522422FC21BD404400513868 /* L2iosUITests.swift */; };
		5224231621BD4B8B00513868 /* Assets.xcassets in Resources */ = {isa = PBXBuildFile; fileRef = 5224231121BD4B8B00513868 /* Assets.xcassets */; };
		5224231721BD4B8B00513868 /* LaunchScreen.storyboard in Resources */ = {isa = PBXBuildFile; fileRef = 5224231221BD4B8B00513868 /* LaunchScreen.storyboard */; };
		5224233521BD56D800513868 /* AMIAppDelegate.m in Sources */ = {isa = PBXBuildFile; fileRef = 5224233321BD56D800513868 /* AMIAppDelegate.m */; };
		5224233621BD56D800513868 /* main.m in Sources */ = {isa = PBXBuildFile; fileRef = 5224233421BD56D800513868 /* main.m */; };
		5224233A21BD641100513868 /* amb_full_scr.png in Resources */ = {isa = PBXBuildFile; fileRef = 5224233921BD641100513868 /* amb_full_scr.png */; };
		522DE23821BDC2D800779AD6 /* AMIMainViewController.m in Sources */ = {isa = PBXBuildFile; fileRef = 522DE23521BDC2D800779AD6 /* AMIMainViewController.m */; };
		528459B221BFF15F0073842E /* AMIDataCentral.swift in Sources */ = {isa = PBXBuildFile; fileRef = 528459B121BFF15F0073842E /* AMIDataCentral.swift */; };
		528459B421C00AB10073842E /* AMIDeviceModelEntity.swift in Sources */ = {isa = PBXBuildFile; fileRef = 528459B321C00AB10073842E /* AMIDeviceModelEntity.swift */; };
		528459B621C00EE50073842E /* AMIDevicesListCell.swift in Sources */ = {isa = PBXBuildFile; fileRef = 528459B521C00EE50073842E /* AMIDevicesListCell.swift */; };
		528459BA21C01C540073842E /* AMIDictionaryEncoder.swift in Sources */ = {isa = PBXBuildFile; fileRef = 528459B921C01C540073842E /* AMIDictionaryEncoder.swift */; };
		5295511521BDC7FD00F75ED2 /* AMIDevicesListViewController.swift in Sources */ = {isa = PBXBuildFile; fileRef = 5295511321BDC7FD00F75ED2 /* AMIDevicesListViewController.swift */; };
		5295511A21BDC80D00F75ED2 /* AMIInfoViewController.m in Sources */ = {isa = PBXBuildFile; fileRef = 5295511821BDC80D00F75ED2 /* AMIInfoViewController.m */; };
		5295511B21BDC80D00F75ED2 /* AMIInfoViewController.xib in Resources */ = {isa = PBXBuildFile; fileRef = 5295511921BDC80D00F75ED2 /* AMIInfoViewController.xib */; };
		5295511F21BDCBC000F75ED2 /* UIColor+AMI.m in Sources */ = {isa = PBXBuildFile; fileRef = 5295511E21BDCBC000F75ED2 /* UIColor+AMI.m */; };
		52ABCE6B21BF1E9000B0E1BD /* AMIStyleConstants.swift in Sources */ = {isa = PBXBuildFile; fileRef = 52ABCE6A21BF1E9000B0E1BD /* AMIStyleConstants.swift */; };
		52ABCE7421BFAE9A00B0E1BD /* AMIDBStarter.swift in Sources */ = {isa = PBXBuildFile; fileRef = 52ABCE7321BFAE9A00B0E1BD /* AMIDBStarter.swift */; };
		52ABCE7621BFC40600B0E1BD /* AMIDeviceEntity.swift in Sources */ = {isa = PBXBuildFile; fileRef = 52ABCE7521BFC40600B0E1BD /* AMIDeviceEntity.swift */; };
		52BC9EA121C19063007FDF83 /* UIView+AMI.m in Sources */ = {isa = PBXBuildFile; fileRef = 52BC9EA021C19063007FDF83 /* UIView+AMI.m */; };
		52BC9EA521C1A982007FDF83 /* skk.pdf in Resources */ = {isa = PBXBuildFile; fileRef = 52BC9EA421C1A982007FDF83 /* skk.pdf */; };
		52BC9EB221C1AA6A007FDF83 /* NSData+MD5.m in Sources */ = {isa = PBXBuildFile; fileRef = 52BC9EA921C1AA69007FDF83 /* NSData+MD5.m */; };
		52BC9EB321C1AA6A007FDF83 /* NSString+MD5.m in Sources */ = {isa = PBXBuildFile; fileRef = 52BC9EAB21C1AA69007FDF83 /* NSString+MD5.m */; };
		52BC9EB421C1AA6A007FDF83 /* PDFView.m in Sources */ = {isa = PBXBuildFile; fileRef = 52BC9EAD21C1AA69007FDF83 /* PDFView.m */; };
		52BC9EB521C1AA6A007FDF83 /* UIImage+PDF.m in Sources */ = {isa = PBXBuildFile; fileRef = 52BC9EAF21C1AA69007FDF83 /* UIImage+PDF.m */; };
		52BC9EB621C1AA6A007FDF83 /* UIView+Image.m in Sources */ = {isa = PBXBuildFile; fileRef = 52BC9EB121C1AA69007FDF83 /* UIView+Image.m */; };
		52BC9EBA21C1BF6C007FDF83 /* ic-devicebrand-generic.pdf in Resources */ = {isa = PBXBuildFile; fileRef = 52BC9EB921C1BF6C007FDF83 /* ic-devicebrand-generic.pdf */; };
		52BC9EBC21C1D38E007FDF83 /* AMIDevicesListCellTickerBuilder.swift in Sources */ = {isa = PBXBuildFile; fileRef = 52BC9EBB21C1D38E007FDF83 /* AMIDevicesListCellTickerBuilder.swift */; };
		52BC9EBF21C1D8AF007FDF83 /* NSData+AMI.m in Sources */ = {isa = PBXBuildFile; fileRef = 52BC9EBE21C1D8AF007FDF83 /* NSData+AMI.m */; };
		52BC9EC221C1D97D007FDF83 /* NSString+AMI.m in Sources */ = {isa = PBXBuildFile; fileRef = 52BC9EC121C1D97D007FDF83 /* NSString+AMI.m */; };
		52BC9EC421C24D3E007FDF83 /* ic-sensortype-nuke.pdf in Resources */ = {isa = PBXBuildFile; fileRef = 52BC9EC321C24D3E007FDF83 /* ic-sensortype-nuke.pdf */; };
		52BC9EC621C24E51007FDF83 /* ic-more.pdf in Resources */ = {isa = PBXBuildFile; fileRef = 52BC9EC521C24E51007FDF83 /* ic-more.pdf */; };
		52BC9EC821C257A8007FDF83 /* ic-battery.pdf in Resources */ = {isa = PBXBuildFile; fileRef = 52BC9EC721C257A8007FDF83 /* ic-battery.pdf */; };
		52BC9ECA21C25B0D007FDF83 /* icdev.pdf in Resources */ = {isa = PBXBuildFile; fileRef = 52BC9EC921C25B0D007FDF83 /* icdev.pdf */; };
		52BC9ECC21C29222007FDF83 /* ic-rssi.pdf in Resources */ = {isa = PBXBuildFile; fileRef = 52BC9ECB21C29222007FDF83 /* ic-rssi.pdf */; };
		52BC9EDF21C2A41B007FDF83 /* ic-sentortype-gyro.pdf in Resources */ = {isa = PBXBuildFile; fileRef = 52BC9ECD21C2A419007FDF83 /* ic-sentortype-gyro.pdf */; };
		52BC9EE021C2A41B007FDF83 /* ic-sentortype-accl.pdf in Resources */ = {isa = PBXBuildFile; fileRef = 52BC9ECE21C2A419007FDF83 /* ic-sentortype-accl.pdf */; };
		52BC9EE121C2A41B007FDF83 /* ic-sentortype-vibr.pdf in Resources */ = {isa = PBXBuildFile; fileRef = 52BC9ECF21C2A419007FDF83 /* ic-sentortype-vibr.pdf */; };
		52BC9EE221C2A41B007FDF83 /* ic-sentortype-irtm.pdf in Resources */ = {isa = PBXBuildFile; fileRef = 52BC9ED021C2A419007FDF83 /* ic-sentortype-irtm.pdf */; };
		52BC9EE321C2A41B007FDF83 /* ic-sentortype-prsr.pdf in Resources */ = {isa = PBXBuildFile; fileRef = 52BC9ED121C2A41A007FDF83 /* ic-sentortype-prsr.pdf */; };
		52BC9EE421C2A41B007FDF83 /* ic-sentortype-gass.pdf in Resources */ = {isa = PBXBuildFile; fileRef = 52BC9ED221C2A41A007FDF83 /* ic-sentortype-gass.pdf */; };
		52BC9EE521C2A41B007FDF83 /* ic-sentortype-aqua.pdf in Resources */ = {isa = PBXBuildFile; fileRef = 52BC9ED321C2A41A007FDF83 /* ic-sentortype-aqua.pdf */; };
		52BC9EE621C2A41B007FDF83 /* ic-sentortype-vacu.pdf in Resources */ = {isa = PBXBuildFile; fileRef = 52BC9ED421C2A41A007FDF83 /* ic-sentortype-vacu.pdf */; };
		52BC9EE721C2A41B007FDF83 /* ic-sentortype-dist.pdf in Resources */ = {isa = PBXBuildFile; fileRef = 52BC9ED521C2A41A007FDF83 /* ic-sentortype-dist.pdf */; };
		52BC9EE821C2A41B007FDF83 /* ic-sentortype-sonn.pdf in Resources */ = {isa = PBXBuildFile; fileRef = 52BC9ED621C2A41A007FDF83 /* ic-sentortype-sonn.pdf */; };
		52BC9EE921C2A41B007FDF83 /* ic-sentortype-hall.pdf in Resources */ = {isa = PBXBuildFile; fileRef = 52BC9ED721C2A41A007FDF83 /* ic-sentortype-hall.pdf */; };
		52BC9EEA21C2A41B007FDF83 /* ic-sentortype-magn.pdf in Resources */ = {isa = PBXBuildFile; fileRef = 52BC9ED821C2A41A007FDF83 /* ic-sentortype-magn.pdf */; };
		52BC9EEB21C2A41B007FDF83 /* ic-sentortype-phhh.pdf in Resources */ = {isa = PBXBuildFile; fileRef = 52BC9ED921C2A41A007FDF83 /* ic-sentortype-phhh.pdf */; };
		52BC9EEC21C2A41B007FDF83 /* ic-sentortype-rxfx.pdf in Resources */ = {isa = PBXBuildFile; fileRef = 52BC9EDA21C2A41A007FDF83 /* ic-sentortype-rxfx.pdf */; };
		52BC9EED21C2A41B007FDF83 /* ic-sentortype-temp.pdf in Resources */ = {isa = PBXBuildFile; fileRef = 52BC9EDB21C2A41B007FDF83 /* ic-sentortype-temp.pdf */; };
		52BC9EEE21C2A41B007FDF83 /* ic-sentortype-ldar.pdf in Resources */ = {isa = PBXBuildFile; fileRef = 52BC9EDC21C2A41B007FDF83 /* ic-sentortype-ldar.pdf */; };
		52BC9EEF21C2A41B007FDF83 /* ic-sentortype-ligh.pdf in Resources */ = {isa = PBXBuildFile; fileRef = 52BC9EDD21C2A41B007FDF83 /* ic-sentortype-ligh.pdf */; };
		52BC9EF021C2A41B007FDF83 /* ic-sentortype-humi.pdf in Resources */ = {isa = PBXBuildFile; fileRef = 52BC9EDE21C2A41B007FDF83 /* ic-sentortype-humi.pdf */; };
		52BD2CCB21BDCF2300085C5C /* devices-info-icon@2x.png in Resources */ = {isa = PBXBuildFile; fileRef = 52BD2CC921BDCF2300085C5C /* devices-info-icon@2x.png */; };
		52BD2CCC21BDCF2300085C5C /* devices-tab-icon@2x.png in Resources */ = {isa = PBXBuildFile; fileRef = 52BD2CCA21BDCF2300085C5C /* devices-tab-icon@2x.png */; };
		6CF72EDBCAE1CF0F300762ED /* Pods_L2ios.framework in Frameworks */ = {isa = PBXBuildFile; fileRef = B4341EF523A7BF06266A06F2 /* Pods_L2ios.framework */; };
		A9424FFD9DF384D5CA4E2300 /* Pods_L2iosTests.framework in Frameworks */ = {isa = PBXBuildFile; fileRef = 193602CA511F730F0DE857AA /* Pods_L2iosTests.framework */; };
/* End PBXBuildFile section */

/* Begin PBXContainerItemProxy section */
		522422EE21BD404400513868 /* PBXContainerItemProxy */ = {
			isa = PBXContainerItemProxy;
			containerPortal = 522422D121BD404000513868 /* Project object */;
			proxyType = 1;
			remoteGlobalIDString = 522422D821BD404000513868;
			remoteInfo = L2ios;
		};
		522422F921BD404400513868 /* PBXContainerItemProxy */ = {
			isa = PBXContainerItemProxy;
			containerPortal = 522422D121BD404000513868 /* Project object */;
			proxyType = 1;
			remoteGlobalIDString = 522422D821BD404000513868;
			remoteInfo = L2ios;
		};
/* End PBXContainerItemProxy section */

/* Begin PBXFileReference section */
		193602CA511F730F0DE857AA /* Pods_L2iosTests.framework */ = {isa = PBXFileReference; explicitFileType = wrapper.framework; includeInIndex = 0; path = Pods_L2iosTests.framework; sourceTree = BUILT_PRODUCTS_DIR; };
		1E3BB4BF6CBCEA7DF538D45D /* Pods-L2iosTests.debug.xcconfig */ = {isa = PBXFileReference; includeInIndex = 1; lastKnownFileType = text.xcconfig; name = "Pods-L2iosTests.debug.xcconfig"; path = "Pods/Target Support Files/Pods-L2iosTests/Pods-L2iosTests.debug.xcconfig"; sourceTree = "<group>"; };
		4FDF07F54E9B7F86DD833D12 /* Pods-L2iosTests.release.xcconfig */ = {isa = PBXFileReference; includeInIndex = 1; lastKnownFileType = text.xcconfig; name = "Pods-L2iosTests.release.xcconfig"; path = "Pods/Target Support Files/Pods-L2iosTests/Pods-L2iosTests.release.xcconfig"; sourceTree = "<group>"; };
		522422D921BD404000513868 /* L2ios.app */ = {isa = PBXFileReference; explicitFileType = wrapper.application; includeInIndex = 0; path = L2ios.app; sourceTree = BUILT_PRODUCTS_DIR; };
		522422ED21BD404400513868 /* L2iosTests.xctest */ = {isa = PBXFileReference; explicitFileType = wrapper.cfbundle; includeInIndex = 0; path = L2iosTests.xctest; sourceTree = BUILT_PRODUCTS_DIR; };
		522422F121BD404400513868 /* L2iosTests.swift */ = {isa = PBXFileReference; lastKnownFileType = sourcecode.swift; path = L2iosTests.swift; sourceTree = "<group>"; };
		522422F321BD404400513868 /* Info.plist */ = {isa = PBXFileReference; lastKnownFileType = text.plist.xml; path = Info.plist; sourceTree = "<group>"; };
		522422F821BD404400513868 /* L2iosUITests.xctest */ = {isa = PBXFileReference; explicitFileType = wrapper.cfbundle; includeInIndex = 0; path = L2iosUITests.xctest; sourceTree = BUILT_PRODUCTS_DIR; };
		522422FC21BD404400513868 /* L2iosUITests.swift */ = {isa = PBXFileReference; lastKnownFileType = sourcecode.swift; path = L2iosUITests.swift; sourceTree = "<group>"; };
		522422FE21BD404400513868 /* Info.plist */ = {isa = PBXFileReference; lastKnownFileType = text.plist.xml; path = Info.plist; sourceTree = "<group>"; };
		5224231121BD4B8B00513868 /* Assets.xcassets */ = {isa = PBXFileReference; lastKnownFileType = folder.assetcatalog; path = Assets.xcassets; sourceTree = "<group>"; };
		5224231321BD4B8B00513868 /* Base */ = {isa = PBXFileReference; lastKnownFileType = file.storyboard; name = Base; path = Base.lproj/LaunchScreen.storyboard; sourceTree = "<group>"; };
		5224231921BD4BA500513868 /* Info.plist */ = {isa = PBXFileReference; fileEncoding = 4; lastKnownFileType = text.plist.xml; path = Info.plist; sourceTree = "<group>"; };
		5224233221BD56D800513868 /* AMIAppDelegate.h */ = {isa = PBXFileReference; fileEncoding = 4; lastKnownFileType = sourcecode.c.h; path = AMIAppDelegate.h; sourceTree = "<group>"; };
		5224233321BD56D800513868 /* AMIAppDelegate.m */ = {isa = PBXFileReference; fileEncoding = 4; lastKnownFileType = sourcecode.c.objc; path = AMIAppDelegate.m; sourceTree = "<group>"; };
		5224233421BD56D800513868 /* main.m */ = {isa = PBXFileReference; fileEncoding = 4; lastKnownFileType = sourcecode.c.objc; path = main.m; sourceTree = "<group>"; };
		5224233721BD56F600513868 /* L2ios-Bridging-Header.h */ = {isa = PBXFileReference; fileEncoding = 4; lastKnownFileType = sourcecode.c.h; path = "L2ios-Bridging-Header.h"; sourceTree = "<group>"; };
		5224233921BD641100513868 /* amb_full_scr.png */ = {isa = PBXFileReference; lastKnownFileType = image.png; path = amb_full_scr.png; sourceTree = "<group>"; };
		522DE23421BDC2D800779AD6 /* AMIMainViewController.h */ = {isa = PBXFileReference; fileEncoding = 4; lastKnownFileType = sourcecode.c.h; path = AMIMainViewController.h; sourceTree = "<group>"; };
		522DE23521BDC2D800779AD6 /* AMIMainViewController.m */ = {isa = PBXFileReference; fileEncoding = 4; lastKnownFileType = sourcecode.c.objc; path = AMIMainViewController.m; sourceTree = "<group>"; };
		528459B121BFF15F0073842E /* AMIDataCentral.swift */ = {isa = PBXFileReference; lastKnownFileType = sourcecode.swift; path = AMIDataCentral.swift; sourceTree = "<group>"; };
		528459B321C00AB10073842E /* AMIDeviceModelEntity.swift */ = {isa = PBXFileReference; lastKnownFileType = sourcecode.swift; path = AMIDeviceModelEntity.swift; sourceTree = "<group>"; };
		528459B521C00EE50073842E /* AMIDevicesListCell.swift */ = {isa = PBXFileReference; lastKnownFileType = sourcecode.swift; path = AMIDevicesListCell.swift; sourceTree = "<group>"; };
		528459B921C01C540073842E /* AMIDictionaryEncoder.swift */ = {isa = PBXFileReference; lastKnownFileType = sourcecode.swift; path = AMIDictionaryEncoder.swift; sourceTree = "<group>"; };
		5295511321BDC7FD00F75ED2 /* AMIDevicesListViewController.swift */ = {isa = PBXFileReference; lastKnownFileType = sourcecode.swift; path = AMIDevicesListViewController.swift; sourceTree = "<group>"; };
		5295511721BDC80D00F75ED2 /* AMIInfoViewController.h */ = {isa = PBXFileReference; lastKnownFileType = sourcecode.c.h; path = AMIInfoViewController.h; sourceTree = "<group>"; };
		5295511821BDC80D00F75ED2 /* AMIInfoViewController.m */ = {isa = PBXFileReference; lastKnownFileType = sourcecode.c.objc; path = AMIInfoViewController.m; sourceTree = "<group>"; };
		5295511921BDC80D00F75ED2 /* AMIInfoViewController.xib */ = {isa = PBXFileReference; lastKnownFileType = file.xib; path = AMIInfoViewController.xib; sourceTree = "<group>"; };
		5295511D21BDCBC000F75ED2 /* UIColor+AMI.h */ = {isa = PBXFileReference; fileEncoding = 4; lastKnownFileType = sourcecode.c.h; path = "UIColor+AMI.h"; sourceTree = "<group>"; };
		5295511E21BDCBC000F75ED2 /* UIColor+AMI.m */ = {isa = PBXFileReference; fileEncoding = 4; lastKnownFileType = sourcecode.c.objc; path = "UIColor+AMI.m"; sourceTree = "<group>"; };
		52ABCE6A21BF1E9000B0E1BD /* AMIStyleConstants.swift */ = {isa = PBXFileReference; lastKnownFileType = sourcecode.swift; path = AMIStyleConstants.swift; sourceTree = "<group>"; };
		52ABCE7321BFAE9A00B0E1BD /* AMIDBStarter.swift */ = {isa = PBXFileReference; fileEncoding = 4; lastKnownFileType = sourcecode.swift; path = AMIDBStarter.swift; sourceTree = "<group>"; };
		52ABCE7521BFC40600B0E1BD /* AMIDeviceEntity.swift */ = {isa = PBXFileReference; lastKnownFileType = sourcecode.swift; path = AMIDeviceEntity.swift; sourceTree = "<group>"; };
		52BC9E9F21C19063007FDF83 /* UIView+AMI.h */ = {isa = PBXFileReference; lastKnownFileType = sourcecode.c.h; path = "UIView+AMI.h"; sourceTree = "<group>"; };
		52BC9EA021C19063007FDF83 /* UIView+AMI.m */ = {isa = PBXFileReference; lastKnownFileType = sourcecode.c.objc; path = "UIView+AMI.m"; sourceTree = "<group>"; };
		52BC9EA421C1A982007FDF83 /* skk.pdf */ = {isa = PBXFileReference; lastKnownFileType = image.pdf; path = skk.pdf; sourceTree = "<group>"; };
		52BC9EA821C1AA69007FDF83 /* NSData+MD5.h */ = {isa = PBXFileReference; fileEncoding = 4; lastKnownFileType = sourcecode.c.h; path = "NSData+MD5.h"; sourceTree = "<group>"; };
		52BC9EA921C1AA69007FDF83 /* NSData+MD5.m */ = {isa = PBXFileReference; fileEncoding = 4; lastKnownFileType = sourcecode.c.objc; path = "NSData+MD5.m"; sourceTree = "<group>"; };
		52BC9EAA21C1AA69007FDF83 /* NSString+MD5.h */ = {isa = PBXFileReference; fileEncoding = 4; lastKnownFileType = sourcecode.c.h; path = "NSString+MD5.h"; sourceTree = "<group>"; };
		52BC9EAB21C1AA69007FDF83 /* NSString+MD5.m */ = {isa = PBXFileReference; fileEncoding = 4; lastKnownFileType = sourcecode.c.objc; path = "NSString+MD5.m"; sourceTree = "<group>"; };
		52BC9EAC21C1AA69007FDF83 /* PDFView.h */ = {isa = PBXFileReference; fileEncoding = 4; lastKnownFileType = sourcecode.c.h; path = PDFView.h; sourceTree = "<group>"; };
		52BC9EAD21C1AA69007FDF83 /* PDFView.m */ = {isa = PBXFileReference; fileEncoding = 4; lastKnownFileType = sourcecode.c.objc; path = PDFView.m; sourceTree = "<group>"; };
		52BC9EAE21C1AA69007FDF83 /* UIImage+PDF.h */ = {isa = PBXFileReference; fileEncoding = 4; lastKnownFileType = sourcecode.c.h; path = "UIImage+PDF.h"; sourceTree = "<group>"; };
		52BC9EAF21C1AA69007FDF83 /* UIImage+PDF.m */ = {isa = PBXFileReference; fileEncoding = 4; lastKnownFileType = sourcecode.c.objc; path = "UIImage+PDF.m"; sourceTree = "<group>"; };
		52BC9EB021C1AA69007FDF83 /* UIView+Image.h */ = {isa = PBXFileReference; fileEncoding = 4; lastKnownFileType = sourcecode.c.h; path = "UIView+Image.h"; sourceTree = "<group>"; };
		52BC9EB121C1AA69007FDF83 /* UIView+Image.m */ = {isa = PBXFileReference; fileEncoding = 4; lastKnownFileType = sourcecode.c.objc; path = "UIView+Image.m"; sourceTree = "<group>"; };
		52BC9EB921C1BF6C007FDF83 /* ic-devicebrand-generic.pdf */ = {isa = PBXFileReference; lastKnownFileType = image.pdf; path = "ic-devicebrand-generic.pdf"; sourceTree = "<group>"; };
		52BC9EBB21C1D38E007FDF83 /* AMIDevicesListCellTickerBuilder.swift */ = {isa = PBXFileReference; lastKnownFileType = sourcecode.swift; path = AMIDevicesListCellTickerBuilder.swift; sourceTree = "<group>"; };
		52BC9EBD21C1D8AF007FDF83 /* NSData+AMI.h */ = {isa = PBXFileReference; lastKnownFileType = sourcecode.c.h; path = "NSData+AMI.h"; sourceTree = "<group>"; };
		52BC9EBE21C1D8AF007FDF83 /* NSData+AMI.m */ = {isa = PBXFileReference; lastKnownFileType = sourcecode.c.objc; path = "NSData+AMI.m"; sourceTree = "<group>"; };
		52BC9EC021C1D97D007FDF83 /* NSString+AMI.h */ = {isa = PBXFileReference; lastKnownFileType = sourcecode.c.h; path = "NSString+AMI.h"; sourceTree = "<group>"; };
		52BC9EC121C1D97D007FDF83 /* NSString+AMI.m */ = {isa = PBXFileReference; lastKnownFileType = sourcecode.c.objc; path = "NSString+AMI.m"; sourceTree = "<group>"; };
		52BC9EC321C24D3E007FDF83 /* ic-sensortype-nuke.pdf */ = {isa = PBXFileReference; lastKnownFileType = image.pdf; path = "ic-sensortype-nuke.pdf"; sourceTree = "<group>"; };
		52BC9EC521C24E51007FDF83 /* ic-more.pdf */ = {isa = PBXFileReference; lastKnownFileType = image.pdf; path = "ic-more.pdf"; sourceTree = "<group>"; };
		52BC9EC721C257A8007FDF83 /* ic-battery.pdf */ = {isa = PBXFileReference; lastKnownFileType = image.pdf; path = "ic-battery.pdf"; sourceTree = "<group>"; };
		52BC9EC921C25B0D007FDF83 /* icdev.pdf */ = {isa = PBXFileReference; lastKnownFileType = image.pdf; path = icdev.pdf; sourceTree = "<group>"; };
		52BC9ECB21C29222007FDF83 /* ic-rssi.pdf */ = {isa = PBXFileReference; lastKnownFileType = image.pdf; path = "ic-rssi.pdf"; sourceTree = "<group>"; };
		52BC9ECD21C2A419007FDF83 /* ic-sentortype-gyro.pdf */ = {isa = PBXFileReference; lastKnownFileType = image.pdf; path = "ic-sentortype-gyro.pdf"; sourceTree = "<group>"; };
		52BC9ECE21C2A419007FDF83 /* ic-sentortype-accl.pdf */ = {isa = PBXFileReference; lastKnownFileType = image.pdf; path = "ic-sentortype-accl.pdf"; sourceTree = "<group>"; };
		52BC9ECF21C2A419007FDF83 /* ic-sentortype-vibr.pdf */ = {isa = PBXFileReference; lastKnownFileType = image.pdf; path = "ic-sentortype-vibr.pdf"; sourceTree = "<group>"; };
		52BC9ED021C2A419007FDF83 /* ic-sentortype-irtm.pdf */ = {isa = PBXFileReference; lastKnownFileType = image.pdf; path = "ic-sentortype-irtm.pdf"; sourceTree = "<group>"; };
		52BC9ED121C2A41A007FDF83 /* ic-sentortype-prsr.pdf */ = {isa = PBXFileReference; lastKnownFileType = image.pdf; path = "ic-sentortype-prsr.pdf"; sourceTree = "<group>"; };
		52BC9ED221C2A41A007FDF83 /* ic-sentortype-gass.pdf */ = {isa = PBXFileReference; lastKnownFileType = image.pdf; path = "ic-sentortype-gass.pdf"; sourceTree = "<group>"; };
		52BC9ED321C2A41A007FDF83 /* ic-sentortype-aqua.pdf */ = {isa = PBXFileReference; lastKnownFileType = image.pdf; path = "ic-sentortype-aqua.pdf"; sourceTree = "<group>"; };
		52BC9ED421C2A41A007FDF83 /* ic-sentortype-vacu.pdf */ = {isa = PBXFileReference; lastKnownFileType = image.pdf; path = "ic-sentortype-vacu.pdf"; sourceTree = "<group>"; };
		52BC9ED521C2A41A007FDF83 /* ic-sentortype-dist.pdf */ = {isa = PBXFileReference; lastKnownFileType = image.pdf; path = "ic-sentortype-dist.pdf"; sourceTree = "<group>"; };
		52BC9ED621C2A41A007FDF83 /* ic-sentortype-sonn.pdf */ = {isa = PBXFileReference; lastKnownFileType = image.pdf; path = "ic-sentortype-sonn.pdf"; sourceTree = "<group>"; };
		52BC9ED721C2A41A007FDF83 /* ic-sentortype-hall.pdf */ = {isa = PBXFileReference; lastKnownFileType = image.pdf; path = "ic-sentortype-hall.pdf"; sourceTree = "<group>"; };
		52BC9ED821C2A41A007FDF83 /* ic-sentortype-magn.pdf */ = {isa = PBXFileReference; lastKnownFileType = image.pdf; path = "ic-sentortype-magn.pdf"; sourceTree = "<group>"; };
		52BC9ED921C2A41A007FDF83 /* ic-sentortype-phhh.pdf */ = {isa = PBXFileReference; lastKnownFileType = image.pdf; path = "ic-sentortype-phhh.pdf"; sourceTree = "<group>"; };
		52BC9EDA21C2A41A007FDF83 /* ic-sentortype-rxfx.pdf */ = {isa = PBXFileReference; lastKnownFileType = image.pdf; path = "ic-sentortype-rxfx.pdf"; sourceTree = "<group>"; };
		52BC9EDB21C2A41B007FDF83 /* ic-sentortype-temp.pdf */ = {isa = PBXFileReference; lastKnownFileType = image.pdf; path = "ic-sentortype-temp.pdf"; sourceTree = "<group>"; };
		52BC9EDC21C2A41B007FDF83 /* ic-sentortype-ldar.pdf */ = {isa = PBXFileReference; lastKnownFileType = image.pdf; path = "ic-sentortype-ldar.pdf"; sourceTree = "<group>"; };
		52BC9EDD21C2A41B007FDF83 /* ic-sentortype-ligh.pdf */ = {isa = PBXFileReference; lastKnownFileType = image.pdf; path = "ic-sentortype-ligh.pdf"; sourceTree = "<group>"; };
		52BC9EDE21C2A41B007FDF83 /* ic-sentortype-humi.pdf */ = {isa = PBXFileReference; lastKnownFileType = image.pdf; path = "ic-sentortype-humi.pdf"; sourceTree = "<group>"; };
		52BD2CC921BDCF2300085C5C /* devices-info-icon@2x.png */ = {isa = PBXFileReference; lastKnownFileType = image.png; path = "devices-info-icon@2x.png"; sourceTree = "<group>"; };
		52BD2CCA21BDCF2300085C5C /* devices-tab-icon@2x.png */ = {isa = PBXFileReference; lastKnownFileType = image.png; path = "devices-tab-icon@2x.png"; sourceTree = "<group>"; };
		7963B6F040392E4B17DE318C /* Pods-L2ios.debug.xcconfig */ = {isa = PBXFileReference; includeInIndex = 1; lastKnownFileType = text.xcconfig; name = "Pods-L2ios.debug.xcconfig"; path = "Pods/Target Support Files/Pods-L2ios/Pods-L2ios.debug.xcconfig"; sourceTree = "<group>"; };
		B2541F23F91A58A0885F8041 /* Pods-L2iosUITests.debug.xcconfig */ = {isa = PBXFileReference; includeInIndex = 1; lastKnownFileType = text.xcconfig; name = "Pods-L2iosUITests.debug.xcconfig"; path = "Pods/Target Support Files/Pods-L2iosUITests/Pods-L2iosUITests.debug.xcconfig"; sourceTree = "<group>"; };
		B4341EF523A7BF06266A06F2 /* Pods_L2ios.framework */ = {isa = PBXFileReference; explicitFileType = wrapper.framework; includeInIndex = 0; path = Pods_L2ios.framework; sourceTree = BUILT_PRODUCTS_DIR; };
		C49DAE40EB87236EDD66A5BF /* Pods-L2ios.release.xcconfig */ = {isa = PBXFileReference; includeInIndex = 1; lastKnownFileType = text.xcconfig; name = "Pods-L2ios.release.xcconfig"; path = "Pods/Target Support Files/Pods-L2ios/Pods-L2ios.release.xcconfig"; sourceTree = "<group>"; };
		EE0B80E3BACB9640224BEA20 /* Pods-L2iosUITests.release.xcconfig */ = {isa = PBXFileReference; includeInIndex = 1; lastKnownFileType = text.xcconfig; name = "Pods-L2iosUITests.release.xcconfig"; path = "Pods/Target Support Files/Pods-L2iosUITests/Pods-L2iosUITests.release.xcconfig"; sourceTree = "<group>"; };
		F9F8F373D24043C79B8A4E34 /* Pods_L2iosUITests.framework */ = {isa = PBXFileReference; explicitFileType = wrapper.framework; includeInIndex = 0; path = Pods_L2iosUITests.framework; sourceTree = BUILT_PRODUCTS_DIR; };
/* End PBXFileReference section */

/* Begin PBXFrameworksBuildPhase section */
		522422D621BD404000513868 /* Frameworks */ = {
			isa = PBXFrameworksBuildPhase;
			buildActionMask = 2147483647;
			files = (
				6CF72EDBCAE1CF0F300762ED /* Pods_L2ios.framework in Frameworks */,
			);
			runOnlyForDeploymentPostprocessing = 0;
		};
		522422EA21BD404400513868 /* Frameworks */ = {
			isa = PBXFrameworksBuildPhase;
			buildActionMask = 2147483647;
			files = (
				A9424FFD9DF384D5CA4E2300 /* Pods_L2iosTests.framework in Frameworks */,
			);
			runOnlyForDeploymentPostprocessing = 0;
		};
		522422F521BD404400513868 /* Frameworks */ = {
			isa = PBXFrameworksBuildPhase;
			buildActionMask = 2147483647;
			files = (
				1FE835401EE5DC522CE4BE71 /* Pods_L2iosUITests.framework in Frameworks */,
			);
			runOnlyForDeploymentPostprocessing = 0;
		};
/* End PBXFrameworksBuildPhase section */

/* Begin PBXGroup section */
		522422D021BD404000513868 = {
			isa = PBXGroup;
			children = (
				522422DB21BD404000513868 /* L2ios */,
				522422F021BD404400513868 /* L2iosTests */,
				522422FB21BD404400513868 /* L2iosUITests */,
				522422DA21BD404000513868 /* Products */,
				9DFDBBF010AD93C10E295547 /* Pods */,
				ABA95A7AE36F6F31E74BAE5A /* Frameworks */,
			);
			sourceTree = "<group>";
		};
		522422DA21BD404000513868 /* Products */ = {
			isa = PBXGroup;
			children = (
				522422D921BD404000513868 /* L2ios.app */,
				522422ED21BD404400513868 /* L2iosTests.xctest */,
				522422F821BD404400513868 /* L2iosUITests.xctest */,
			);
			name = Products;
			sourceTree = "<group>";
		};
		522422DB21BD404000513868 /* L2ios */ = {
			isa = PBXGroup;
			children = (
				52BC9EA621C1AA69007FDF83 /* thirdparty */,
				52ABCE7121BFAE9A00B0E1BD /* db */,
				522DE23121BDC2D800779AD6 /* ui */,
				5224233121BD56D800513868 /* starter */,
				5295511C21BDCBC000F75ED2 /* util */,
				5224231021BD4B8B00513868 /* res */,
			);
			path = L2ios;
			sourceTree = "<group>";
		};
		522422F021BD404400513868 /* L2iosTests */ = {
			isa = PBXGroup;
			children = (
				522422F121BD404400513868 /* L2iosTests.swift */,
				522422F321BD404400513868 /* Info.plist */,
			);
			path = L2iosTests;
			sourceTree = "<group>";
		};
		522422FB21BD404400513868 /* L2iosUITests */ = {
			isa = PBXGroup;
			children = (
				522422FC21BD404400513868 /* L2iosUITests.swift */,
				522422FE21BD404400513868 /* Info.plist */,
			);
			path = L2iosUITests;
			sourceTree = "<group>";
		};
		5224231021BD4B8B00513868 /* res */ = {
			isa = PBXGroup;
			children = (
				5224233821BD641100513868 /* img */,
				5224231121BD4B8B00513868 /* Assets.xcassets */,
				5224231221BD4B8B00513868 /* LaunchScreen.storyboard */,
				5224231921BD4BA500513868 /* Info.plist */,
			);
			path = res;
			sourceTree = "<group>";
		};
		5224233121BD56D800513868 /* starter */ = {
			isa = PBXGroup;
			children = (
				5224233721BD56F600513868 /* L2ios-Bridging-Header.h */,
				5224233221BD56D800513868 /* AMIAppDelegate.h */,
				5224233321BD56D800513868 /* AMIAppDelegate.m */,
				5224233421BD56D800513868 /* main.m */,
			);
			path = starter;
			sourceTree = "<group>";
		};
		5224233821BD641100513868 /* img */ = {
			isa = PBXGroup;
			children = (
				52BC9ECE21C2A419007FDF83 /* ic-sentortype-accl.pdf */,
				52BC9ED321C2A41A007FDF83 /* ic-sentortype-aqua.pdf */,
				52BC9ED521C2A41A007FDF83 /* ic-sentortype-dist.pdf */,
				52BC9ED221C2A41A007FDF83 /* ic-sentortype-gass.pdf */,
				52BC9ECD21C2A419007FDF83 /* ic-sentortype-gyro.pdf */,
				52BC9ED721C2A41A007FDF83 /* ic-sentortype-hall.pdf */,
				52BC9EDE21C2A41B007FDF83 /* ic-sentortype-humi.pdf */,
				52BC9ED021C2A419007FDF83 /* ic-sentortype-irtm.pdf */,
				52BC9EDC21C2A41B007FDF83 /* ic-sentortype-ldar.pdf */,
				52BC9EDD21C2A41B007FDF83 /* ic-sentortype-ligh.pdf */,
				52BC9ED821C2A41A007FDF83 /* ic-sentortype-magn.pdf */,
				52BC9ED921C2A41A007FDF83 /* ic-sentortype-phhh.pdf */,
				52BC9ED121C2A41A007FDF83 /* ic-sentortype-prsr.pdf */,
				52BC9EDA21C2A41A007FDF83 /* ic-sentortype-rxfx.pdf */,
				52BC9ED621C2A41A007FDF83 /* ic-sentortype-sonn.pdf */,
				52BC9EDB21C2A41B007FDF83 /* ic-sentortype-temp.pdf */,
				52BC9ED421C2A41A007FDF83 /* ic-sentortype-vacu.pdf */,
				52BC9ECF21C2A419007FDF83 /* ic-sentortype-vibr.pdf */,
				52BC9EC321C24D3E007FDF83 /* ic-sensortype-nuke.pdf */,
				52BC9ECB21C29222007FDF83 /* ic-rssi.pdf */,
				52BC9EC921C25B0D007FDF83 /* icdev.pdf */,
				52BC9EC721C257A8007FDF83 /* ic-battery.pdf */,
				52BC9EC521C24E51007FDF83 /* ic-more.pdf */,
				52BC9EB921C1BF6C007FDF83 /* ic-devicebrand-generic.pdf */,
				52BD2CC921BDCF2300085C5C /* devices-info-icon@2x.png */,
				52BD2CCA21BDCF2300085C5C /* devices-tab-icon@2x.png */,
				5224233921BD641100513868 /* amb_full_scr.png */,
				52BC9EA421C1A982007FDF83 /* skk.pdf */,
			);
			path = img;
			sourceTree = "<group>";
		};
		522DE23121BDC2D800779AD6 /* ui */ = {
			isa = PBXGroup;
			children = (
				522DE23421BDC2D800779AD6 /* AMIMainViewController.h */,
				522DE23521BDC2D800779AD6 /* AMIMainViewController.m */,
				5295511321BDC7FD00F75ED2 /* AMIDevicesListViewController.swift */,
				528459B521C00EE50073842E /* AMIDevicesListCell.swift */,
				52BC9EBB21C1D38E007FDF83 /* AMIDevicesListCellTickerBuilder.swift */,
				5295511721BDC80D00F75ED2 /* AMIInfoViewController.h */,
				5295511821BDC80D00F75ED2 /* AMIInfoViewController.m */,
				5295511921BDC80D00F75ED2 /* AMIInfoViewController.xib */,
			);
			path = ui;
			sourceTree = "<group>";
		};
		5295511C21BDCBC000F75ED2 /* util */ = {
			isa = PBXGroup;
			children = (
				5295511D21BDCBC000F75ED2 /* UIColor+AMI.h */,
				5295511E21BDCBC000F75ED2 /* UIColor+AMI.m */,
				52ABCE6A21BF1E9000B0E1BD /* AMIStyleConstants.swift */,
				52BC9E9F21C19063007FDF83 /* UIView+AMI.h */,
				52BC9EA021C19063007FDF83 /* UIView+AMI.m */,
				52BC9EBD21C1D8AF007FDF83 /* NSData+AMI.h */,
				52BC9EBE21C1D8AF007FDF83 /* NSData+AMI.m */,
				52BC9EC021C1D97D007FDF83 /* NSString+AMI.h */,
				52BC9EC121C1D97D007FDF83 /* NSString+AMI.m */,
			);
			path = util;
			sourceTree = "<group>";
		};
		52ABCE7121BFAE9A00B0E1BD /* db */ = {
			isa = PBXGroup;
			children = (
				52ABCE7321BFAE9A00B0E1BD /* AMIDBStarter.swift */,
				528459B121BFF15F0073842E /* AMIDataCentral.swift */,
				52ABCE7521BFC40600B0E1BD /* AMIDeviceEntity.swift */,
				528459B321C00AB10073842E /* AMIDeviceModelEntity.swift */,
				528459B921C01C540073842E /* AMIDictionaryEncoder.swift */,
			);
			path = db;
			sourceTree = "<group>";
		};
		52BC9EA621C1AA69007FDF83 /* thirdparty */ = {
			isa = PBXGroup;
			children = (
				52BC9EA721C1AA69007FDF83 /* UIImage+PDF */,
			);
			path = thirdparty;
			sourceTree = "<group>";
		};
		52BC9EA721C1AA69007FDF83 /* UIImage+PDF */ = {
			isa = PBXGroup;
			children = (
				52BC9EA821C1AA69007FDF83 /* NSData+MD5.h */,
				52BC9EA921C1AA69007FDF83 /* NSData+MD5.m */,
				52BC9EAA21C1AA69007FDF83 /* NSString+MD5.h */,
				52BC9EAB21C1AA69007FDF83 /* NSString+MD5.m */,
				52BC9EAC21C1AA69007FDF83 /* PDFView.h */,
				52BC9EAD21C1AA69007FDF83 /* PDFView.m */,
				52BC9EAE21C1AA69007FDF83 /* UIImage+PDF.h */,
				52BC9EAF21C1AA69007FDF83 /* UIImage+PDF.m */,
				52BC9EB021C1AA69007FDF83 /* UIView+Image.h */,
				52BC9EB121C1AA69007FDF83 /* UIView+Image.m */,
			);
			path = "UIImage+PDF";
			sourceTree = "<group>";
		};
		9DFDBBF010AD93C10E295547 /* Pods */ = {
			isa = PBXGroup;
			children = (
				7963B6F040392E4B17DE318C /* Pods-L2ios.debug.xcconfig */,
				C49DAE40EB87236EDD66A5BF /* Pods-L2ios.release.xcconfig */,
				1E3BB4BF6CBCEA7DF538D45D /* Pods-L2iosTests.debug.xcconfig */,
				4FDF07F54E9B7F86DD833D12 /* Pods-L2iosTests.release.xcconfig */,
				B2541F23F91A58A0885F8041 /* Pods-L2iosUITests.debug.xcconfig */,
				EE0B80E3BACB9640224BEA20 /* Pods-L2iosUITests.release.xcconfig */,
			);
			name = Pods;
			sourceTree = "<group>";
		};
		ABA95A7AE36F6F31E74BAE5A /* Frameworks */ = {
			isa = PBXGroup;
			children = (
				B4341EF523A7BF06266A06F2 /* Pods_L2ios.framework */,
				193602CA511F730F0DE857AA /* Pods_L2iosTests.framework */,
				F9F8F373D24043C79B8A4E34 /* Pods_L2iosUITests.framework */,
			);
			name = Frameworks;
			sourceTree = "<group>";
		};
/* End PBXGroup section */

/* Begin PBXNativeTarget section */
		522422D821BD404000513868 /* L2ios */ = {
			isa = PBXNativeTarget;
			buildConfigurationList = 5224230121BD404400513868 /* Build configuration list for PBXNativeTarget "L2ios" */;
			buildPhases = (
				4898810AAEC463E0E879DF7B /* [CP] Check Pods Manifest.lock */,
				522422D521BD404000513868 /* Sources */,
				522422D621BD404000513868 /* Frameworks */,
				522422D721BD404000513868 /* Resources */,
				81C8E4279183941845B0D010 /* [CP] Embed Pods Frameworks */,
			);
			buildRules = (
			);
			dependencies = (
			);
			name = L2ios;
			productName = L2ios;
			productReference = 522422D921BD404000513868 /* L2ios.app */;
			productType = "com.apple.product-type.application";
		};
		522422EC21BD404400513868 /* L2iosTests */ = {
			isa = PBXNativeTarget;
			buildConfigurationList = 5224230421BD404400513868 /* Build configuration list for PBXNativeTarget "L2iosTests" */;
			buildPhases = (
				D4A2BDDE6DB7C706E6007856 /* [CP] Check Pods Manifest.lock */,
				522422E921BD404400513868 /* Sources */,
				522422EA21BD404400513868 /* Frameworks */,
				522422EB21BD404400513868 /* Resources */,
			);
			buildRules = (
			);
			dependencies = (
				522422EF21BD404400513868 /* PBXTargetDependency */,
			);
			name = L2iosTests;
			productName = L2iosTests;
			productReference = 522422ED21BD404400513868 /* L2iosTests.xctest */;
			productType = "com.apple.product-type.bundle.unit-test";
		};
		522422F721BD404400513868 /* L2iosUITests */ = {
			isa = PBXNativeTarget;
			buildConfigurationList = 5224230721BD404400513868 /* Build configuration list for PBXNativeTarget "L2iosUITests" */;
			buildPhases = (
				ACC04B551B4B04A3CDC86719 /* [CP] Check Pods Manifest.lock */,
				522422F421BD404400513868 /* Sources */,
				522422F521BD404400513868 /* Frameworks */,
				522422F621BD404400513868 /* Resources */,
			);
			buildRules = (
			);
			dependencies = (
				522422FA21BD404400513868 /* PBXTargetDependency */,
			);
			name = L2iosUITests;
			productName = L2iosUITests;
			productReference = 522422F821BD404400513868 /* L2iosUITests.xctest */;
			productType = "com.apple.product-type.bundle.ui-testing";
		};
/* End PBXNativeTarget section */

/* Begin PBXProject section */
		522422D121BD404000513868 /* Project object */ = {
			isa = PBXProject;
			attributes = {
				LastSwiftUpdateCheck = 1010;
				LastUpgradeCheck = 1010;
				ORGANIZATIONNAME = Ambrosus;
				TargetAttributes = {
					522422D821BD404000513868 = {
						CreatedOnToolsVersion = 10.1;
						LastSwiftMigration = 1010;
					};
					522422EC21BD404400513868 = {
						CreatedOnToolsVersion = 10.1;
						TestTargetID = 522422D821BD404000513868;
					};
					522422F721BD404400513868 = {
						CreatedOnToolsVersion = 10.1;
						TestTargetID = 522422D821BD404000513868;
					};
				};
			};
			buildConfigurationList = 522422D421BD404000513868 /* Build configuration list for PBXProject "L2ios" */;
			compatibilityVersion = "Xcode 9.3";
			developmentRegion = en;
			hasScannedForEncodings = 0;
			knownRegions = (
				en,
				Base,
			);
			mainGroup = 522422D021BD404000513868;
			productRefGroup = 522422DA21BD404000513868 /* Products */;
			projectDirPath = "";
			projectRoot = "";
			targets = (
				522422D821BD404000513868 /* L2ios */,
				522422EC21BD404400513868 /* L2iosTests */,
				522422F721BD404400513868 /* L2iosUITests */,
			);
		};
/* End PBXProject section */

/* Begin PBXResourcesBuildPhase section */
		522422D721BD404000513868 /* Resources */ = {
			isa = PBXResourcesBuildPhase;
			buildActionMask = 2147483647;
			files = (
				52BC9EEC21C2A41B007FDF83 /* ic-sentortype-rxfx.pdf in Resources */,
				52BC9EA521C1A982007FDF83 /* skk.pdf in Resources */,
				52BC9ECC21C29222007FDF83 /* ic-rssi.pdf in Resources */,
				52BC9EED21C2A41B007FDF83 /* ic-sentortype-temp.pdf in Resources */,
				52BC9EE921C2A41B007FDF83 /* ic-sentortype-hall.pdf in Resources */,
				52BC9EE821C2A41B007FDF83 /* ic-sentortype-sonn.pdf in Resources */,
				52BD2CCC21BDCF2300085C5C /* devices-tab-icon@2x.png in Resources */,
				5295511B21BDC80D00F75ED2 /* AMIInfoViewController.xib in Resources */,
				52BC9EE121C2A41B007FDF83 /* ic-sentortype-vibr.pdf in Resources */,
				52BC9EE521C2A41B007FDF83 /* ic-sentortype-aqua.pdf in Resources */,
				5224233A21BD641100513868 /* amb_full_scr.png in Resources */,
				52BC9EEF21C2A41B007FDF83 /* ic-sentortype-ligh.pdf in Resources */,
				52BC9EEA21C2A41B007FDF83 /* ic-sentortype-magn.pdf in Resources */,
				52BC9EC421C24D3E007FDF83 /* ic-sensortype-nuke.pdf in Resources */,
				52BC9EE621C2A41B007FDF83 /* ic-sentortype-vacu.pdf in Resources */,
				52BC9EC621C24E51007FDF83 /* ic-more.pdf in Resources */,
				52BC9EEE21C2A41B007FDF83 /* ic-sentortype-ldar.pdf in Resources */,
				52BC9EC821C257A8007FDF83 /* ic-battery.pdf in Resources */,
				52BC9EBA21C1BF6C007FDF83 /* ic-devicebrand-generic.pdf in Resources */,
				52BC9ECA21C25B0D007FDF83 /* icdev.pdf in Resources */,
				52BC9EE421C2A41B007FDF83 /* ic-sentortype-gass.pdf in Resources */,
				52BC9EEB21C2A41B007FDF83 /* ic-sentortype-phhh.pdf in Resources */,
				5224231621BD4B8B00513868 /* Assets.xcassets in Resources */,
				52BC9EE321C2A41B007FDF83 /* ic-sentortype-prsr.pdf in Resources */,
				5224231721BD4B8B00513868 /* LaunchScreen.storyboard in Resources */,
				52BC9EDF21C2A41B007FDF83 /* ic-sentortype-gyro.pdf in Resources */,
				52BD2CCB21BDCF2300085C5C /* devices-info-icon@2x.png in Resources */,
				52BC9EF021C2A41B007FDF83 /* ic-sentortype-humi.pdf in Resources */,
				52BC9EE221C2A41B007FDF83 /* ic-sentortype-irtm.pdf in Resources */,
				52BC9EE021C2A41B007FDF83 /* ic-sentortype-accl.pdf in Resources */,
				52BC9EE721C2A41B007FDF83 /* ic-sentortype-dist.pdf in Resources */,
			);
			runOnlyForDeploymentPostprocessing = 0;
		};
		522422EB21BD404400513868 /* Resources */ = {
			isa = PBXResourcesBuildPhase;
			buildActionMask = 2147483647;
			files = (
			);
			runOnlyForDeploymentPostprocessing = 0;
		};
		522422F621BD404400513868 /* Resources */ = {
			isa = PBXResourcesBuildPhase;
			buildActionMask = 2147483647;
			files = (
			);
			runOnlyForDeploymentPostprocessing = 0;
		};
/* End PBXResourcesBuildPhase section */

/* Begin PBXShellScriptBuildPhase section */
		4898810AAEC463E0E879DF7B /* [CP] Check Pods Manifest.lock */ = {
			isa = PBXShellScriptBuildPhase;
			buildActionMask = 2147483647;
			files = (
			);
			inputPaths = (
				"${PODS_PODFILE_DIR_PATH}/Podfile.lock",
				"${PODS_ROOT}/Manifest.lock",
			);
			name = "[CP] Check Pods Manifest.lock";
			outputPaths = (
				"$(DERIVED_FILE_DIR)/Pods-L2ios-checkManifestLockResult.txt",
			);
			runOnlyForDeploymentPostprocessing = 0;
			shellPath = /bin/sh;
			shellScript = "diff \"${PODS_PODFILE_DIR_PATH}/Podfile.lock\" \"${PODS_ROOT}/Manifest.lock\" > /dev/null\nif [ $? != 0 ] ; then\n    # print error to STDERR\n    echo \"error: The sandbox is not in sync with the Podfile.lock. Run 'pod install' or update your CocoaPods installation.\" >&2\n    exit 1\nfi\n# This output is used by Xcode 'outputs' to avoid re-running this script phase.\necho \"SUCCESS\" > \"${SCRIPT_OUTPUT_FILE_0}\"\n";
			showEnvVarsInLog = 0;
		};
		81C8E4279183941845B0D010 /* [CP] Embed Pods Frameworks */ = {
			isa = PBXShellScriptBuildPhase;
			buildActionMask = 2147483647;
			files = (
			);
			inputPaths = (
				"${SRCROOT}/Pods/Target Support Files/Pods-L2ios/Pods-L2ios-frameworks.sh",
				"${BUILT_PRODUCTS_DIR}/GRDB.swift/GRDB.framework",
				"${BUILT_PRODUCTS_DIR}/SwiftSVG/SwiftSVG.framework",
			);
			name = "[CP] Embed Pods Frameworks";
			outputPaths = (
				"${TARGET_BUILD_DIR}/${FRAMEWORKS_FOLDER_PATH}/GRDB.framework",
				"${TARGET_BUILD_DIR}/${FRAMEWORKS_FOLDER_PATH}/SwiftSVG.framework",
			);
			runOnlyForDeploymentPostprocessing = 0;
			shellPath = /bin/sh;
			shellScript = "\"${SRCROOT}/Pods/Target Support Files/Pods-L2ios/Pods-L2ios-frameworks.sh\"\n";
			showEnvVarsInLog = 0;
		};
		ACC04B551B4B04A3CDC86719 /* [CP] Check Pods Manifest.lock */ = {
			isa = PBXShellScriptBuildPhase;
			buildActionMask = 2147483647;
			files = (
			);
			inputPaths = (
				"${PODS_PODFILE_DIR_PATH}/Podfile.lock",
				"${PODS_ROOT}/Manifest.lock",
			);
			name = "[CP] Check Pods Manifest.lock";
			outputPaths = (
				"$(DERIVED_FILE_DIR)/Pods-L2iosUITests-checkManifestLockResult.txt",
			);
			runOnlyForDeploymentPostprocessing = 0;
			shellPath = /bin/sh;
			shellScript = "diff \"${PODS_PODFILE_DIR_PATH}/Podfile.lock\" \"${PODS_ROOT}/Manifest.lock\" > /dev/null\nif [ $? != 0 ] ; then\n    # print error to STDERR\n    echo \"error: The sandbox is not in sync with the Podfile.lock. Run 'pod install' or update your CocoaPods installation.\" >&2\n    exit 1\nfi\n# This output is used by Xcode 'outputs' to avoid re-running this script phase.\necho \"SUCCESS\" > \"${SCRIPT_OUTPUT_FILE_0}\"\n";
			showEnvVarsInLog = 0;
		};
		D4A2BDDE6DB7C706E6007856 /* [CP] Check Pods Manifest.lock */ = {
			isa = PBXShellScriptBuildPhase;
			buildActionMask = 2147483647;
			files = (
			);
			inputPaths = (
				"${PODS_PODFILE_DIR_PATH}/Podfile.lock",
				"${PODS_ROOT}/Manifest.lock",
			);
			name = "[CP] Check Pods Manifest.lock";
			outputPaths = (
				"$(DERIVED_FILE_DIR)/Pods-L2iosTests-checkManifestLockResult.txt",
			);
			runOnlyForDeploymentPostprocessing = 0;
			shellPath = /bin/sh;
			shellScript = "diff \"${PODS_PODFILE_DIR_PATH}/Podfile.lock\" \"${PODS_ROOT}/Manifest.lock\" > /dev/null\nif [ $? != 0 ] ; then\n    # print error to STDERR\n    echo \"error: The sandbox is not in sync with the Podfile.lock. Run 'pod install' or update your CocoaPods installation.\" >&2\n    exit 1\nfi\n# This output is used by Xcode 'outputs' to avoid re-running this script phase.\necho \"SUCCESS\" > \"${SCRIPT_OUTPUT_FILE_0}\"\n";
			showEnvVarsInLog = 0;
		};
/* End PBXShellScriptBuildPhase section */

/* Begin PBXSourcesBuildPhase section */
		522422D521BD404000513868 /* Sources */ = {
			isa = PBXSourcesBuildPhase;
			buildActionMask = 2147483647;
			files = (
				52BC9EA121C19063007FDF83 /* UIView+AMI.m in Sources */,
				52BC9EB421C1AA6A007FDF83 /* PDFView.m in Sources */,
				52BC9EBF21C1D8AF007FDF83 /* NSData+AMI.m in Sources */,
				528459BA21C01C540073842E /* AMIDictionaryEncoder.swift in Sources */,
				52BC9EB321C1AA6A007FDF83 /* NSString+MD5.m in Sources */,
				52BC9EC221C1D97D007FDF83 /* NSString+AMI.m in Sources */,
				5224233521BD56D800513868 /* AMIAppDelegate.m in Sources */,
				5295511F21BDCBC000F75ED2 /* UIColor+AMI.m in Sources */,
				52BC9EB521C1AA6A007FDF83 /* UIImage+PDF.m in Sources */,
				52BC9EB221C1AA6A007FDF83 /* NSData+MD5.m in Sources */,
				5295511A21BDC80D00F75ED2 /* AMIInfoViewController.m in Sources */,
				52BC9EB621C1AA6A007FDF83 /* UIView+Image.m in Sources */,
				52BC9EBC21C1D38E007FDF83 /* AMIDevicesListCellTickerBuilder.swift in Sources */,
				528459B221BFF15F0073842E /* AMIDataCentral.swift in Sources */,
				528459B421C00AB10073842E /* AMIDeviceModelEntity.swift in Sources */,
				522DE23821BDC2D800779AD6 /* AMIMainViewController.m in Sources */,
				52ABCE7421BFAE9A00B0E1BD /* AMIDBStarter.swift in Sources */,
				5295511521BDC7FD00F75ED2 /* AMIDevicesListViewController.swift in Sources */,
				52ABCE7621BFC40600B0E1BD /* AMIDeviceEntity.swift in Sources */,
				528459B621C00EE50073842E /* AMIDevicesListCell.swift in Sources */,
				52ABCE6B21BF1E9000B0E1BD /* AMIStyleConstants.swift in Sources */,
				5224233621BD56D800513868 /* main.m in Sources */,
			);
			runOnlyForDeploymentPostprocessing = 0;
		};
		522422E921BD404400513868 /* Sources */ = {
			isa = PBXSourcesBuildPhase;
			buildActionMask = 2147483647;
			files = (
				522422F221BD404400513868 /* L2iosTests.swift in Sources */,
			);
			runOnlyForDeploymentPostprocessing = 0;
		};
		522422F421BD404400513868 /* Sources */ = {
			isa = PBXSourcesBuildPhase;
			buildActionMask = 2147483647;
			files = (
				522422FD21BD404400513868 /* L2iosUITests.swift in Sources */,
			);
			runOnlyForDeploymentPostprocessing = 0;
		};
/* End PBXSourcesBuildPhase section */

/* Begin PBXTargetDependency section */
		522422EF21BD404400513868 /* PBXTargetDependency */ = {
			isa = PBXTargetDependency;
			target = 522422D821BD404000513868 /* L2ios */;
			targetProxy = 522422EE21BD404400513868 /* PBXContainerItemProxy */;
		};
		522422FA21BD404400513868 /* PBXTargetDependency */ = {
			isa = PBXTargetDependency;
			target = 522422D821BD404000513868 /* L2ios */;
			targetProxy = 522422F921BD404400513868 /* PBXContainerItemProxy */;
		};
/* End PBXTargetDependency section */

/* Begin PBXVariantGroup section */
		5224231221BD4B8B00513868 /* LaunchScreen.storyboard */ = {
			isa = PBXVariantGroup;
			children = (
				5224231321BD4B8B00513868 /* Base */,
			);
			name = LaunchScreen.storyboard;
			sourceTree = "<group>";
		};
/* End PBXVariantGroup section */

/* Begin XCBuildConfiguration section */
		522422FF21BD404400513868 /* Debug */ = {
			isa = XCBuildConfiguration;
			buildSettings = {
				ALWAYS_SEARCH_USER_PATHS = NO;
				CLANG_ANALYZER_NONNULL = YES;
				CLANG_ANALYZER_NUMBER_OBJECT_CONVERSION = YES_AGGRESSIVE;
				CLANG_CXX_LANGUAGE_STANDARD = "gnu++14";
				CLANG_CXX_LIBRARY = "libc++";
				CLANG_ENABLE_MODULES = YES;
				CLANG_ENABLE_OBJC_ARC = YES;
				CLANG_ENABLE_OBJC_WEAK = YES;
				CLANG_WARN_BLOCK_CAPTURE_AUTORELEASING = YES;
				CLANG_WARN_BOOL_CONVERSION = YES;
				CLANG_WARN_COMMA = YES;
				CLANG_WARN_CONSTANT_CONVERSION = YES;
				CLANG_WARN_DEPRECATED_OBJC_IMPLEMENTATIONS = YES;
				CLANG_WARN_DIRECT_OBJC_ISA_USAGE = YES_ERROR;
				CLANG_WARN_DOCUMENTATION_COMMENTS = YES;
				CLANG_WARN_EMPTY_BODY = YES;
				CLANG_WARN_ENUM_CONVERSION = YES;
				CLANG_WARN_INFINITE_RECURSION = YES;
				CLANG_WARN_INT_CONVERSION = YES;
				CLANG_WARN_NON_LITERAL_NULL_CONVERSION = YES;
				CLANG_WARN_OBJC_IMPLICIT_RETAIN_SELF = YES;
				CLANG_WARN_OBJC_LITERAL_CONVERSION = YES;
				CLANG_WARN_OBJC_ROOT_CLASS = YES_ERROR;
				CLANG_WARN_RANGE_LOOP_ANALYSIS = YES;
				CLANG_WARN_STRICT_PROTOTYPES = YES;
				CLANG_WARN_SUSPICIOUS_MOVE = YES;
				CLANG_WARN_UNGUARDED_AVAILABILITY = YES_AGGRESSIVE;
				CLANG_WARN_UNREACHABLE_CODE = YES;
				CLANG_WARN__DUPLICATE_METHOD_MATCH = YES;
				CODE_SIGN_IDENTITY = "iPhone Developer";
				COPY_PHASE_STRIP = NO;
				DEBUG_INFORMATION_FORMAT = dwarf;
				ENABLE_STRICT_OBJC_MSGSEND = YES;
				ENABLE_TESTABILITY = YES;
				GCC_C_LANGUAGE_STANDARD = gnu11;
				GCC_DYNAMIC_NO_PIC = NO;
				GCC_NO_COMMON_BLOCKS = YES;
				GCC_OPTIMIZATION_LEVEL = 0;
				GCC_PREPROCESSOR_DEFINITIONS = (
					"DEBUG=1",
					"$(inherited)",
				);
				GCC_WARN_64_TO_32_BIT_CONVERSION = YES;
				GCC_WARN_ABOUT_RETURN_TYPE = YES_ERROR;
				GCC_WARN_UNDECLARED_SELECTOR = YES;
				GCC_WARN_UNINITIALIZED_AUTOS = YES_AGGRESSIVE;
				GCC_WARN_UNUSED_FUNCTION = YES;
				GCC_WARN_UNUSED_VARIABLE = YES;
				IPHONEOS_DEPLOYMENT_TARGET = 10.0;
				MTL_ENABLE_DEBUG_INFO = INCLUDE_SOURCE;
				MTL_FAST_MATH = YES;
				ONLY_ACTIVE_ARCH = YES;
				SDKROOT = iphoneos;
				SWIFT_ACTIVE_COMPILATION_CONDITIONS = DEBUG;
				SWIFT_OPTIMIZATION_LEVEL = "-Onone";
			};
			name = Debug;
		};
		5224230021BD404400513868 /* Release */ = {
			isa = XCBuildConfiguration;
			buildSettings = {
				ALWAYS_SEARCH_USER_PATHS = NO;
				CLANG_ANALYZER_NONNULL = YES;
				CLANG_ANALYZER_NUMBER_OBJECT_CONVERSION = YES_AGGRESSIVE;
				CLANG_CXX_LANGUAGE_STANDARD = "gnu++14";
				CLANG_CXX_LIBRARY = "libc++";
				CLANG_ENABLE_MODULES = YES;
				CLANG_ENABLE_OBJC_ARC = YES;
				CLANG_ENABLE_OBJC_WEAK = YES;
				CLANG_WARN_BLOCK_CAPTURE_AUTORELEASING = YES;
				CLANG_WARN_BOOL_CONVERSION = YES;
				CLANG_WARN_COMMA = YES;
				CLANG_WARN_CONSTANT_CONVERSION = YES;
				CLANG_WARN_DEPRECATED_OBJC_IMPLEMENTATIONS = YES;
				CLANG_WARN_DIRECT_OBJC_ISA_USAGE = YES_ERROR;
				CLANG_WARN_DOCUMENTATION_COMMENTS = YES;
				CLANG_WARN_EMPTY_BODY = YES;
				CLANG_WARN_ENUM_CONVERSION = YES;
				CLANG_WARN_INFINITE_RECURSION = YES;
				CLANG_WARN_INT_CONVERSION = YES;
				CLANG_WARN_NON_LITERAL_NULL_CONVERSION = YES;
				CLANG_WARN_OBJC_IMPLICIT_RETAIN_SELF = YES;
				CLANG_WARN_OBJC_LITERAL_CONVERSION = YES;
				CLANG_WARN_OBJC_ROOT_CLASS = YES_ERROR;
				CLANG_WARN_RANGE_LOOP_ANALYSIS = YES;
				CLANG_WARN_STRICT_PROTOTYPES = YES;
				CLANG_WARN_SUSPICIOUS_MOVE = YES;
				CLANG_WARN_UNGUARDED_AVAILABILITY = YES_AGGRESSIVE;
				CLANG_WARN_UNREACHABLE_CODE = YES;
				CLANG_WARN__DUPLICATE_METHOD_MATCH = YES;
				CODE_SIGN_IDENTITY = "iPhone Developer";
				COPY_PHASE_STRIP = NO;
				DEBUG_INFORMATION_FORMAT = "dwarf-with-dsym";
				ENABLE_NS_ASSERTIONS = NO;
				ENABLE_STRICT_OBJC_MSGSEND = YES;
				GCC_C_LANGUAGE_STANDARD = gnu11;
				GCC_NO_COMMON_BLOCKS = YES;
				GCC_WARN_64_TO_32_BIT_CONVERSION = YES;
				GCC_WARN_ABOUT_RETURN_TYPE = YES_ERROR;
				GCC_WARN_UNDECLARED_SELECTOR = YES;
				GCC_WARN_UNINITIALIZED_AUTOS = YES_AGGRESSIVE;
				GCC_WARN_UNUSED_FUNCTION = YES;
				GCC_WARN_UNUSED_VARIABLE = YES;
				IPHONEOS_DEPLOYMENT_TARGET = 10.0;
				MTL_ENABLE_DEBUG_INFO = NO;
				MTL_FAST_MATH = YES;
				SDKROOT = iphoneos;
				SWIFT_COMPILATION_MODE = wholemodule;
				SWIFT_OPTIMIZATION_LEVEL = "-O";
				VALIDATE_PRODUCT = YES;
			};
			name = Release;
		};
		5224230221BD404400513868 /* Debug */ = {
			isa = XCBuildConfiguration;
			baseConfigurationReference = 7963B6F040392E4B17DE318C /* Pods-L2ios.debug.xcconfig */;
			buildSettings = {
				ASSETCATALOG_COMPILER_APPICON_NAME = AppIcon;
				CLANG_ENABLE_MODULES = YES;
				CODE_SIGN_STYLE = Automatic;
				DEVELOPMENT_TEAM = NFR662M8WN;
				INFOPLIST_FILE = "$(SRCROOT)/L2ios/res/Info.plist";
				IPHONEOS_DEPLOYMENT_TARGET = 10.0;
				LD_RUNPATH_SEARCH_PATHS = (
					"$(inherited)",
					"@executable_path/Frameworks",
				);
				PRODUCT_BUNDLE_IDENTIFIER = com.ambrosus.L2ios;
				PRODUCT_NAME = "$(TARGET_NAME)";
				SWIFT_OBJC_BRIDGING_HEADER = "L2ios/starter/L2ios-Bridging-Header.h";
				SWIFT_OPTIMIZATION_LEVEL = "-Onone";
				SWIFT_VERSION = 4.2;
				TARGETED_DEVICE_FAMILY = "1,2";
			};
			name = Debug;
		};
		5224230321BD404400513868 /* Release */ = {
			isa = XCBuildConfiguration;
			baseConfigurationReference = C49DAE40EB87236EDD66A5BF /* Pods-L2ios.release.xcconfig */;
			buildSettings = {
				ASSETCATALOG_COMPILER_APPICON_NAME = AppIcon;
				CLANG_ENABLE_MODULES = YES;
				CODE_SIGN_STYLE = Automatic;
				DEVELOPMENT_TEAM = NFR662M8WN;
				INFOPLIST_FILE = "$(SRCROOT)/L2ios/res/Info.plist";
				IPHONEOS_DEPLOYMENT_TARGET = 10.0;
				LD_RUNPATH_SEARCH_PATHS = (
					"$(inherited)",
					"@executable_path/Frameworks",
				);
				PRODUCT_BUNDLE_IDENTIFIER = com.ambrosus.L2ios;
				PRODUCT_NAME = "$(TARGET_NAME)";
				SWIFT_OBJC_BRIDGING_HEADER = "L2ios/starter/L2ios-Bridging-Header.h";
				SWIFT_VERSION = 4.2;
				TARGETED_DEVICE_FAMILY = "1,2";
			};
			name = Release;
		};
		5224230521BD404400513868 /* Debug */ = {
			isa = XCBuildConfiguration;
			baseConfigurationReference = 1E3BB4BF6CBCEA7DF538D45D /* Pods-L2iosTests.debug.xcconfig */;
			buildSettings = {
				BUNDLE_LOADER = "$(TEST_HOST)";
				CODE_SIGN_STYLE = Automatic;
				INFOPLIST_FILE = L2iosTests/Info.plist;
				LD_RUNPATH_SEARCH_PATHS = (
					"$(inherited)",
					"@executable_path/Frameworks",
					"@loader_path/Frameworks",
				);
				PRODUCT_BUNDLE_IDENTIFIER = com.ambrosus.L2iosTests;
				PRODUCT_NAME = "$(TARGET_NAME)";
				SWIFT_VERSION = 4.2;
				TARGETED_DEVICE_FAMILY = "1,2";
				TEST_HOST = "$(BUILT_PRODUCTS_DIR)/L2ios.app/L2ios";
			};
			name = Debug;
		};
		5224230621BD404400513868 /* Release */ = {
			isa = XCBuildConfiguration;
			baseConfigurationReference = 4FDF07F54E9B7F86DD833D12 /* Pods-L2iosTests.release.xcconfig */;
			buildSettings = {
				BUNDLE_LOADER = "$(TEST_HOST)";
				CODE_SIGN_STYLE = Automatic;
				INFOPLIST_FILE = L2iosTests/Info.plist;
				LD_RUNPATH_SEARCH_PATHS = (
					"$(inherited)",
					"@executable_path/Frameworks",
					"@loader_path/Frameworks",
				);
				PRODUCT_BUNDLE_IDENTIFIER = com.ambrosus.L2iosTests;
				PRODUCT_NAME = "$(TARGET_NAME)";
				SWIFT_VERSION = 4.2;
				TARGETED_DEVICE_FAMILY = "1,2";
				TEST_HOST = "$(BUILT_PRODUCTS_DIR)/L2ios.app/L2ios";
			};
			name = Release;
		};
		5224230821BD404400513868 /* Debug */ = {
			isa = XCBuildConfiguration;
			baseConfigurationReference = B2541F23F91A58A0885F8041 /* Pods-L2iosUITests.debug.xcconfig */;
			buildSettings = {
				CODE_SIGN_STYLE = Automatic;
				INFOPLIST_FILE = L2iosUITests/Info.plist;
				LD_RUNPATH_SEARCH_PATHS = (
					"$(inherited)",
					"@executable_path/Frameworks",
					"@loader_path/Frameworks",
				);
				PRODUCT_BUNDLE_IDENTIFIER = com.ambrosus.L2iosUITests;
				PRODUCT_NAME = "$(TARGET_NAME)";
				SWIFT_VERSION = 4.2;
				TARGETED_DEVICE_FAMILY = "1,2";
				TEST_TARGET_NAME = L2ios;
			};
			name = Debug;
		};
		5224230921BD404400513868 /* Release */ = {
			isa = XCBuildConfiguration;
			baseConfigurationReference = EE0B80E3BACB9640224BEA20 /* Pods-L2iosUITests.release.xcconfig */;
			buildSettings = {
				CODE_SIGN_STYLE = Automatic;
				INFOPLIST_FILE = L2iosUITests/Info.plist;
				LD_RUNPATH_SEARCH_PATHS = (
					"$(inherited)",
					"@executable_path/Frameworks",
					"@loader_path/Frameworks",
				);
				PRODUCT_BUNDLE_IDENTIFIER = com.ambrosus.L2iosUITests;
				PRODUCT_NAME = "$(TARGET_NAME)";
				SWIFT_VERSION = 4.2;
				TARGETED_DEVICE_FAMILY = "1,2";
				TEST_TARGET_NAME = L2ios;
			};
			name = Release;
		};
/* End XCBuildConfiguration section */

/* Begin XCConfigurationList section */
		522422D421BD404000513868 /* Build configuration list for PBXProject "L2ios" */ = {
			isa = XCConfigurationList;
			buildConfigurations = (
				522422FF21BD404400513868 /* Debug */,
				5224230021BD404400513868 /* Release */,
			);
			defaultConfigurationIsVisible = 0;
			defaultConfigurationName = Release;
		};
		5224230121BD404400513868 /* Build configuration list for PBXNativeTarget "L2ios" */ = {
			isa = XCConfigurationList;
			buildConfigurations = (
				5224230221BD404400513868 /* Debug */,
				5224230321BD404400513868 /* Release */,
			);
			defaultConfigurationIsVisible = 0;
			defaultConfigurationName = Release;
		};
		5224230421BD404400513868 /* Build configuration list for PBXNativeTarget "L2iosTests" */ = {
			isa = XCConfigurationList;
			buildConfigurations = (
				5224230521BD404400513868 /* Debug */,
				5224230621BD404400513868 /* Release */,
			);
			defaultConfigurationIsVisible = 0;
			defaultConfigurationName = Release;
		};
		5224230721BD404400513868 /* Build configuration list for PBXNativeTarget "L2iosUITests" */ = {
			isa = XCConfigurationList;
			buildConfigurations = (
				5224230821BD404400513868 /* Debug */,
				5224230921BD404400513868 /* Release */,
			);
			defaultConfigurationIsVisible = 0;
			defaultConfigurationName = Release;
		};
/* End XCConfigurationList section */
	};
	rootObject = 522422D121BD404000513868 /* Project object */;
}
